{
  "name": "SmartAgriculture2",
  "lockfileVersion": 3,
  "requires": true,
  "packages": {
    "": {
      "dependencies": {
        "tdesign-miniprogram": "^1.13.1"
      }
    },
    "node_modules/tdesign-miniprogram": {
      "version": "1.13.1",
      "resolved": "https://registry.npmjs.org/tdesign-miniprogram/-/tdesign-miniprogram-1.13.1.tgz",
      "integrity": "sha512-j6gwyW81iJSL6/4gxR243IAoQO9YG45kiZZYgzKWRUYelLDu4p0yTjcUOX7iUinDyMeoVl18LoU+u+jMc3hO6w==",
      "license": "MIT"
    }
  }
}
